// !$*UTF8*$!
{
	archiveVersion = 1;
	classes = {
	};
	objectVersion = 55;
	objects = {

/* Begin PBXBuildFile section */
		690DDC9728B7C8EC00C278E1 /* SnapKit in Frameworks */ = {isa = PBXBuildFile; productRef = 690DDC9628B7C8EC00C278E1 /* SnapKit */; };
		690DDC9A28B7D5C100C278E1 /* Then in Frameworks */ = {isa = PBXBuildFile; productRef = 690DDC9928B7D5C100C278E1 /* Then */; };
		690DDC9D28B7D5FB00C278E1 /* Realm in Frameworks */ = {isa = PBXBuildFile; productRef = 690DDC9C28B7D5FB00C278E1 /* Realm */; };
		690DDC9F28B7D5FB00C278E1 /* RealmSwift in Frameworks */ = {isa = PBXBuildFile; productRef = 690DDC9E28B7D5FB00C278E1 /* RealmSwift */; };
		9191481A28BB52710006BFC7 /* CustomTabBarController.swift in Sources */ = {isa = PBXBuildFile; fileRef = 9191481928BB52710006BFC7 /* CustomTabBarController.swift */; };
		91AACC7728BE544C00B24988 /* StatsViewController.swift in Sources */ = {isa = PBXBuildFile; fileRef = 91AACC7628BE544C00B24988 /* StatsViewController.swift */; };
		91D85F1728BA4C9B009AAFDA /* CalendarViewController.swift in Sources */ = {isa = PBXBuildFile; fileRef = 91D85F1628BA4C9A009AAFDA /* CalendarViewController.swift */; };
		91D85F1A28BA7993009AAFDA /* FSCalendar in Frameworks */ = {isa = PBXBuildFile; productRef = 91D85F1928BA7993009AAFDA /* FSCalendar */; };
		C35EB13728B3598A006AFA0A /* AppDelegate.swift in Sources */ = {isa = PBXBuildFile; fileRef = C35EB13628B3598A006AFA0A /* AppDelegate.swift */; };
		C35EB13928B3598A006AFA0A /* SceneDelegate.swift in Sources */ = {isa = PBXBuildFile; fileRef = C35EB13828B3598A006AFA0A /* SceneDelegate.swift */; };
		C35EB14028B3598A006AFA0A /* Assets.xcassets in Resources */ = {isa = PBXBuildFile; fileRef = C35EB13F28B3598A006AFA0A /* Assets.xcassets */; };
/* End PBXBuildFile section */

/* Begin PBXFileReference section */
		9191481928BB52710006BFC7 /* CustomTabBarController.swift */ = {isa = PBXFileReference; lastKnownFileType = sourcecode.swift; path = CustomTabBarController.swift; sourceTree = "<group>"; };
		91AACC7628BE544C00B24988 /* StatsViewController.swift */ = {isa = PBXFileReference; lastKnownFileType = sourcecode.swift; path = StatsViewController.swift; sourceTree = "<group>"; };
		91D85F1628BA4C9A009AAFDA /* CalendarViewController.swift */ = {isa = PBXFileReference; lastKnownFileType = sourcecode.swift; path = CalendarViewController.swift; sourceTree = "<group>"; };
		C35EB13328B3598A006AFA0A /* FreeSubject.app */ = {isa = PBXFileReference; explicitFileType = wrapper.application; includeInIndex = 0; path = FreeSubject.app; sourceTree = BUILT_PRODUCTS_DIR; };
		C35EB13628B3598A006AFA0A /* AppDelegate.swift */ = {isa = PBXFileReference; lastKnownFileType = sourcecode.swift; path = AppDelegate.swift; sourceTree = "<group>"; };
		C35EB13828B3598A006AFA0A /* SceneDelegate.swift */ = {isa = PBXFileReference; lastKnownFileType = sourcecode.swift; path = SceneDelegate.swift; sourceTree = "<group>"; };
		C35EB13F28B3598A006AFA0A /* Assets.xcassets */ = {isa = PBXFileReference; lastKnownFileType = folder.assetcatalog; path = Assets.xcassets; sourceTree = "<group>"; };
		C35EB14428B3598A006AFA0A /* Info.plist */ = {isa = PBXFileReference; lastKnownFileType = text.plist.xml; path = Info.plist; sourceTree = "<group>"; };
/* End PBXFileReference section */

/* Begin PBXFrameworksBuildPhase section */
		C35EB13028B35989006AFA0A /* Frameworks */ = {
			isa = PBXFrameworksBuildPhase;
			buildActionMask = 2147483647;
			files = (
				690DDC9F28B7D5FB00C278E1 /* RealmSwift in Frameworks */,
				690DDC9D28B7D5FB00C278E1 /* Realm in Frameworks */,
				690DDC9728B7C8EC00C278E1 /* SnapKit in Frameworks */,
				91D85F1A28BA7993009AAFDA /* FSCalendar in Frameworks */,
				690DDC9A28B7D5C100C278E1 /* Then in Frameworks */,
			);
			runOnlyForDeploymentPostprocessing = 0;
		};
/* End PBXFrameworksBuildPhase section */

/* Begin PBXGroup section */
		C35EB12A28B35989006AFA0A = {
			isa = PBXGroup;
			children = (
				C35EB13528B3598A006AFA0A /* FreeSubject */,
				C35EB13428B3598A006AFA0A /* Products */,
			);
			sourceTree = "<group>";
		};
		C35EB13428B3598A006AFA0A /* Products */ = {
			isa = PBXGroup;
			children = (
				C35EB13328B3598A006AFA0A /* FreeSubject.app */,
			);
			name = Products;
			sourceTree = "<group>";
		};
		C35EB13528B3598A006AFA0A /* FreeSubject */ = {
			isa = PBXGroup;
			children = (
				C35EB13628B3598A006AFA0A /* AppDelegate.swift */,
				C35EB13828B3598A006AFA0A /* SceneDelegate.swift */,
				C35EB13F28B3598A006AFA0A /* Assets.xcassets */,
				C35EB14428B3598A006AFA0A /* Info.plist */,
				91D85F1628BA4C9A009AAFDA /* CalendarViewController.swift */,
				9191481928BB52710006BFC7 /* CustomTabBarController.swift */,
				91AACC7628BE544C00B24988 /* StatsViewController.swift */,
			);
			path = FreeSubject;
			sourceTree = "<group>";
		};
/* End PBXGroup section */

/* Begin PBXNativeTarget section */
		C35EB13228B35989006AFA0A /* FreeSubject */ = {
			isa = PBXNativeTarget;
			buildConfigurationList = C35EB14728B3598A006AFA0A /* Build configuration list for PBXNativeTarget "FreeSubject" */;
			buildPhases = (
				C35EB12F28B35989006AFA0A /* Sources */,
				C35EB13028B35989006AFA0A /* Frameworks */,
				C35EB13128B35989006AFA0A /* Resources */,
			);
			buildRules = (
			);
			dependencies = (
			);
			name = FreeSubject;
			packageProductDependencies = (
				690DDC9628B7C8EC00C278E1 /* SnapKit */,
				690DDC9928B7D5C100C278E1 /* Then */,
				690DDC9C28B7D5FB00C278E1 /* Realm */,
				690DDC9E28B7D5FB00C278E1 /* RealmSwift */,
				91D85F1928BA7993009AAFDA /* FSCalendar */,
			);
			productName = FreeSubject;
			productReference = C35EB13328B3598A006AFA0A /* FreeSubject.app */;
			productType = "com.apple.product-type.application";
		};
/* End PBXNativeTarget section */

/* Begin PBXProject section */
		C35EB12B28B35989006AFA0A /* Project object */ = {
			isa = PBXProject;
			attributes = {
				BuildIndependentTargetsInParallel = 1;
				LastSwiftUpdateCheck = 1330;
				LastUpgradeCheck = 1330;
				TargetAttributes = {
					C35EB13228B35989006AFA0A = {
						CreatedOnToolsVersion = 13.3.1;
					};
				};
			};
			buildConfigurationList = C35EB12E28B35989006AFA0A /* Build configuration list for PBXProject "FreeSubject" */;
			compatibilityVersion = "Xcode 13.0";
			developmentRegion = en;
			hasScannedForEncodings = 0;
			knownRegions = (
				en,
				Base,
			);
			mainGroup = C35EB12A28B35989006AFA0A;
			packageReferences = (
				690DDC9528B7C8EC00C278E1 /* XCRemoteSwiftPackageReference "SnapKit" */,
				690DDC9828B7D5C100C278E1 /* XCRemoteSwiftPackageReference "Then" */,
				690DDC9B28B7D5FB00C278E1 /* XCRemoteSwiftPackageReference "realm-cocoa" */,
				91D85F1828BA7993009AAFDA /* XCRemoteSwiftPackageReference "FSCalendar" */,
			);
			productRefGroup = C35EB13428B3598A006AFA0A /* Products */;
			projectDirPath = "";
			projectRoot = "";
			targets = (
				C35EB13228B35989006AFA0A /* FreeSubject */,
			);
		};
/* End PBXProject section */

/* Begin PBXResourcesBuildPhase section */
		C35EB13128B35989006AFA0A /* Resources */ = {
			isa = PBXResourcesBuildPhase;
			buildActionMask = 2147483647;
			files = (
				C35EB14028B3598A006AFA0A /* Assets.xcassets in Resources */,
			);
			runOnlyForDeploymentPostprocessing = 0;
		};
/* End PBXResourcesBuildPhase section */

/* Begin PBXSourcesBuildPhase section */
		C35EB12F28B35989006AFA0A /* Sources */ = {
			isa = PBXSourcesBuildPhase;
			buildActionMask = 2147483647;
			files = (
				91D85F1728BA4C9B009AAFDA /* CalendarViewController.swift in Sources */,
				9191481A28BB52710006BFC7 /* CustomTabBarController.swift in Sources */,
				C35EB13728B3598A006AFA0A /* AppDelegate.swift in Sources */,
				91AACC7728BE544C00B24988 /* StatsViewController.swift in Sources */,
				C35EB13928B3598A006AFA0A /* SceneDelegate.swift in Sources */,
			);
			runOnlyForDeploymentPostprocessing = 0;
		};
/* End PBXSourcesBuildPhase section */

/* Begin XCBuildConfiguration section */
		C35EB14528B3598A006AFA0A /* Debug */ = {
			isa = XCBuildConfiguration;
			buildSettings = {
				ALWAYS_SEARCH_USER_PATHS = NO;
				CLANG_ANALYZER_NONNULL = YES;
				CLANG_ANALYZER_NUMBER_OBJECT_CONVERSION = YES_AGGRESSIVE;
				CLANG_CXX_LANGUAGE_STANDARD = "gnu++17";
				CLANG_ENABLE_MODULES = YES;
				CLANG_ENABLE_OBJC_ARC = YES;
				CLANG_ENABLE_OBJC_WEAK = YES;
				CLANG_WARN_BLOCK_CAPTURE_AUTORELEASING = YES;
				CLANG_WARN_BOOL_CONVERSION = YES;
				CLANG_WARN_COMMA = YES;
				CLANG_WARN_CONSTANT_CONVERSION = YES;
				CLANG_WARN_DEPRECATED_OBJC_IMPLEMENTATIONS = YES;
				CLANG_WARN_DIRECT_OBJC_ISA_USAGE = YES_ERROR;
				CLANG_WARN_DOCUMENTATION_COMMENTS = YES;
				CLANG_WARN_EMPTY_BODY = YES;
				CLANG_WARN_ENUM_CONVERSION = YES;
				CLANG_WARN_INFINITE_RECURSION = YES;
				CLANG_WARN_INT_CONVERSION = YES;
				CLANG_WARN_NON_LITERAL_NULL_CONVERSION = YES;
				CLANG_WARN_OBJC_IMPLICIT_RETAIN_SELF = YES;
				CLANG_WARN_OBJC_LITERAL_CONVERSION = YES;
				CLANG_WARN_OBJC_ROOT_CLASS = YES_ERROR;
				CLANG_WARN_QUOTED_INCLUDE_IN_FRAMEWORK_HEADER = YES;
				CLANG_WARN_RANGE_LOOP_ANALYSIS = YES;
				CLANG_WARN_STRICT_PROTOTYPES = YES;
				CLANG_WARN_SUSPICIOUS_MOVE = YES;
				CLANG_WARN_UNGUARDED_AVAILABILITY = YES_AGGRESSIVE;
				CLANG_WARN_UNREACHABLE_CODE = YES;
				CLANG_WARN__DUPLICATE_METHOD_MATCH = YES;
				COPY_PHASE_STRIP = NO;
				DEBUG_INFORMATION_FORMAT = dwarf;
				ENABLE_PREVIEWS = YES;
				ENABLE_STRICT_OBJC_MSGSEND = YES;
				ENABLE_TESTABILITY = YES;
				GCC_C_LANGUAGE_STANDARD = gnu11;
				GCC_DYNAMIC_NO_PIC = NO;
				GCC_NO_COMMON_BLOCKS = YES;
				GCC_OPTIMIZATION_LEVEL = 0;
				GCC_PREPROCESSOR_DEFINITIONS = (
					"DEBUG=1",
					"$(inherited)",
				);
				GCC_WARN_64_TO_32_BIT_CONVERSION = YES;
				GCC_WARN_ABOUT_RETURN_TYPE = YES_ERROR;
				GCC_WARN_UNDECLARED_SELECTOR = YES;
				GCC_WARN_UNINITIALIZED_AUTOS = YES_AGGRESSIVE;
				GCC_WARN_UNUSED_FUNCTION = YES;
				GCC_WARN_UNUSED_VARIABLE = YES;
				IPHONEOS_DEPLOYMENT_TARGET = 15.0;
				MTL_ENABLE_DEBUG_INFO = INCLUDE_SOURCE;
				MTL_FAST_MATH = YES;
				ONLY_ACTIVE_ARCH = YES;
				SDKROOT = iphoneos;
				SWIFT_ACTIVE_COMPILATION_CONDITIONS = DEBUG;
				SWIFT_OPTIMIZATION_LEVEL = "-Onone";
			};
			name = Debug;
		};
		C35EB14628B3598A006AFA0A /* Release */ = {
			isa = XCBuildConfiguration;
			buildSettings = {
				ALWAYS_SEARCH_USER_PATHS = NO;
				CLANG_ANALYZER_NONNULL = YES;
				CLANG_ANALYZER_NUMBER_OBJECT_CONVERSION = YES_AGGRESSIVE;
				CLANG_CXX_LANGUAGE_STANDARD = "gnu++17";
				CLANG_ENABLE_MODULES = YES;
				CLANG_ENABLE_OBJC_ARC = YES;
				CLANG_ENABLE_OBJC_WEAK = YES;
				CLANG_WARN_BLOCK_CAPTURE_AUTORELEASING = YES;
				CLANG_WARN_BOOL_CONVERSION = YES;
				CLANG_WARN_COMMA = YES;
				CLANG_WARN_CONSTANT_CONVERSION = YES;
				CLANG_WARN_DEPRECATED_OBJC_IMPLEMENTATIONS = YES;
				CLANG_WARN_DIRECT_OBJC_ISA_USAGE = YES_ERROR;
				CLANG_WARN_DOCUMENTATION_COMMENTS = YES;
				CLANG_WARN_EMPTY_BODY = YES;
				CLANG_WARN_ENUM_CONVERSION = YES;
				CLANG_WARN_INFINITE_RECURSION = YES;
				CLANG_WARN_INT_CONVERSION = YES;
				CLANG_WARN_NON_LITERAL_NULL_CONVERSION = YES;
				CLANG_WARN_OBJC_IMPLICIT_RETAIN_SELF = YES;
				CLANG_WARN_OBJC_LITERAL_CONVERSION = YES;
				CLANG_WARN_OBJC_ROOT_CLASS = YES_ERROR;
				CLANG_WARN_QUOTED_INCLUDE_IN_FRAMEWORK_HEADER = YES;
				CLANG_WARN_RANGE_LOOP_ANALYSIS = YES;
				CLANG_WARN_STRICT_PROTOTYPES = YES;
				CLANG_WARN_SUSPICIOUS_MOVE = YES;
				CLANG_WARN_UNGUARDED_AVAILABILITY = YES_AGGRESSIVE;
				CLANG_WARN_UNREACHABLE_CODE = YES;
				CLANG_WARN__DUPLICATE_METHOD_MATCH = YES;
				COPY_PHASE_STRIP = NO;
				DEBUG_INFORMATION_FORMAT = "dwarf-with-dsym";
				ENABLE_NS_ASSERTIONS = NO;
				ENABLE_PREVIEWS = YES;
				ENABLE_STRICT_OBJC_MSGSEND = YES;
				GCC_C_LANGUAGE_STANDARD = gnu11;
				GCC_NO_COMMON_BLOCKS = YES;
				GCC_WARN_64_TO_32_BIT_CONVERSION = YES;
				GCC_WARN_ABOUT_RETURN_TYPE = YES_ERROR;
				GCC_WARN_UNDECLARED_SELECTOR = YES;
				GCC_WARN_UNINITIALIZED_AUTOS = YES_AGGRESSIVE;
				GCC_WARN_UNUSED_FUNCTION = YES;
				GCC_WARN_UNUSED_VARIABLE = YES;
				IPHONEOS_DEPLOYMENT_TARGET = 15.0;
				MTL_ENABLE_DEBUG_INFO = NO;
				MTL_FAST_MATH = YES;
				SDKROOT = iphoneos;
				SWIFT_COMPILATION_MODE = wholemodule;
				SWIFT_OPTIMIZATION_LEVEL = "-O";
				VALIDATE_PRODUCT = YES;
			};
			name = Release;
		};
		C35EB14828B3598A006AFA0A /* Debug */ = {
			isa = XCBuildConfiguration;
			buildSettings = {
				ASSETCATALOG_COMPILER_APPICON_NAME = AppIcon;
				ASSETCATALOG_COMPILER_GLOBAL_ACCENT_COLOR_NAME = AccentColor;
				CODE_SIGN_STYLE = Automatic;
				CURRENT_PROJECT_VERSION = 1;
				GENERATE_INFOPLIST_FILE = YES;
				INFOPLIST_FILE = FreeSubject/Info.plist;
				INFOPLIST_KEY_UIApplicationSupportsIndirectInputEvents = YES;
				INFOPLIST_KEY_UILaunchStoryboardName = LaunchScreen;
				INFOPLIST_KEY_UIMainStoryboardFile = "";
				INFOPLIST_KEY_UISupportedInterfaceOrientations_iPad = "UIInterfaceOrientationPortrait UIInterfaceOrientationPortraitUpsideDown UIInterfaceOrientationLandscapeLeft UIInterfaceOrientationLandscapeRight";
				INFOPLIST_KEY_UISupportedInterfaceOrientations_iPhone = "UIInterfaceOrientationPortrait UIInterfaceOrientationLandscapeLeft UIInterfaceOrientationLandscapeRight";
				IPHONEOS_DEPLOYMENT_TARGET = 15.0;
				LD_RUNPATH_SEARCH_PATHS = (
					"$(inherited)",
					"@executable_path/Frameworks",
				);
				MARKETING_VERSION = 1.0;
				PRODUCT_BUNDLE_IDENTIFIER = ssudevcamp.FreeSubject;
				PRODUCT_NAME = "$(TARGET_NAME)";
				SWIFT_EMIT_LOC_STRINGS = YES;
				SWIFT_VERSION = 5.0;
				TARGETED_DEVICE_FAMILY = 1;
			};
			name = Debug;
		};
		C35EB14928B3598A006AFA0A /* Release */ = {
			isa = XCBuildConfiguration;
			buildSettings = {
				ASSETCATALOG_COMPILER_APPICON_NAME = AppIcon;
				ASSETCATALOG_COMPILER_GLOBAL_ACCENT_COLOR_NAME = AccentColor;
				CODE_SIGN_STYLE = Automatic;
				CURRENT_PROJECT_VERSION = 1;
				GENERATE_INFOPLIST_FILE = YES;
				INFOPLIST_FILE = FreeSubject/Info.plist;
				INFOPLIST_KEY_UIApplicationSupportsIndirectInputEvents = YES;
				INFOPLIST_KEY_UILaunchStoryboardName = LaunchScreen;
				INFOPLIST_KEY_UIMainStoryboardFile = "";
				INFOPLIST_KEY_UISupportedInterfaceOrientations_iPad = "UIInterfaceOrientationPortrait UIInterfaceOrientationPortraitUpsideDown UIInterfaceOrientationLandscapeLeft UIInterfaceOrientationLandscapeRight";
				INFOPLIST_KEY_UISupportedInterfaceOrientations_iPhone = "UIInterfaceOrientationPortrait UIInterfaceOrientationLandscapeLeft UIInterfaceOrientationLandscapeRight";
				IPHONEOS_DEPLOYMENT_TARGET = 15.0;
				LD_RUNPATH_SEARCH_PATHS = (
					"$(inherited)",
					"@executable_path/Frameworks",
				);
				MARKETING_VERSION = 1.0;
				PRODUCT_BUNDLE_IDENTIFIER = ssudevcamp.FreeSubject;
				PRODUCT_NAME = "$(TARGET_NAME)";
				SWIFT_EMIT_LOC_STRINGS = YES;
				SWIFT_VERSION = 5.0;
				TARGETED_DEVICE_FAMILY = 1;
			};
			name = Release;
		};
/* End XCBuildConfiguration section */

/* Begin XCConfigurationList section */
		C35EB12E28B35989006AFA0A /* Build configuration list for PBXProject "FreeSubject" */ = {
			isa = XCConfigurationList;
			buildConfigurations = (
				C35EB14528B3598A006AFA0A /* Debug */,
				C35EB14628B3598A006AFA0A /* Release */,
			);
			defaultConfigurationIsVisible = 0;
			defaultConfigurationName = Release;
		};
		C35EB14728B3598A006AFA0A /* Build configuration list for PBXNativeTarget "FreeSubject" */ = {
			isa = XCConfigurationList;
			buildConfigurations = (
				C35EB14828B3598A006AFA0A /* Debug */,
				C35EB14928B3598A006AFA0A /* Release */,
			);
			defaultConfigurationIsVisible = 0;
			defaultConfigurationName = Release;
		};
/* End XCConfigurationList section */

/* Begin XCRemoteSwiftPackageReference section */
		690DDC9528B7C8EC00C278E1 /* XCRemoteSwiftPackageReference "SnapKit" */ = {
			isa = XCRemoteSwiftPackageReference;
			repositoryURL = "https://github.com/SnapKit/SnapKit.git";
			requirement = {
				branch = develop;
				kind = branch;
			};
		};
		690DDC9828B7D5C100C278E1 /* XCRemoteSwiftPackageReference "Then" */ = {
			isa = XCRemoteSwiftPackageReference;
			repositoryURL = "https://github.com/devxoul/Then";
			requirement = {
				branch = master;
				kind = branch;
			};
		};
		690DDC9B28B7D5FB00C278E1 /* XCRemoteSwiftPackageReference "realm-cocoa" */ = {
			isa = XCRemoteSwiftPackageReference;
			repositoryURL = "https://github.com/realm/realm-cocoa.git";
			requirement = {
				branch = master;
				kind = branch;
			};
		};
		91D85F1828BA7993009AAFDA /* XCRemoteSwiftPackageReference "FSCalendar" */ = {
			isa = XCRemoteSwiftPackageReference;
			repositoryURL = "https://github.com/WenchaoD/FSCalendar.git";
			requirement = {
				kind = upToNextMajorVersion;
				minimumVersion = 2.0.0;
			};
		};
/* End XCRemoteSwiftPackageReference section */

/* Begin XCSwiftPackageProductDependency section */
		690DDC9628B7C8EC00C278E1 /* SnapKit */ = {
			isa = XCSwiftPackageProductDependency;
			package = 690DDC9528B7C8EC00C278E1 /* XCRemoteSwiftPackageReference "SnapKit" */;
			productName = SnapKit;
		};
		690DDC9928B7D5C100C278E1 /* Then */ = {
			isa = XCSwiftPackageProductDependency;
			package = 690DDC9828B7D5C100C278E1 /* XCRemoteSwiftPackageReference "Then" */;
			productName = Then;
		};
		690DDC9C28B7D5FB00C278E1 /* Realm */ = {
			isa = XCSwiftPackageProductDependency;
			package = 690DDC9B28B7D5FB00C278E1 /* XCRemoteSwiftPackageReference "realm-cocoa" */;
			productName = Realm;
		};
		690DDC9E28B7D5FB00C278E1 /* RealmSwift */ = {
			isa = XCSwiftPackageProductDependency;
			package = 690DDC9B28B7D5FB00C278E1 /* XCRemoteSwiftPackageReference "realm-cocoa" */;
			productName = RealmSwift;
		};
		91D85F1928BA7993009AAFDA /* FSCalendar */ = {
			isa = XCSwiftPackageProductDependency;
			package = 91D85F1828BA7993009AAFDA /* XCRemoteSwiftPackageReference "FSCalendar" */;
			productName = FSCalendar;
		};
/* End XCSwiftPackageProductDependency section */
	};
	rootObject = C35EB12B28B35989006AFA0A /* Project object */;
}
