// !$*UTF8*$!
{
	archiveVersion = 1;
	classes = {
	};
	objectVersion = 55;
	objects = {

/* Begin PBXBuildFile section */
		690DDC9728B7C8EC00C278E1 /* SnapKit in Frameworks */ = {isa = PBXBuildFile; productRef = 690DDC9628B7C8EC00C278E1 /* SnapKit */; };
		690DDC9A28B7D5C100C278E1 /* Then in Frameworks */ = {isa = PBXBuildFile; productRef = 690DDC9928B7D5C100C278E1 /* Then */; };
		690DDC9D28B7D5FB00C278E1 /* Realm in Frameworks */ = {isa = PBXBuildFile; productRef = 690DDC9C28B7D5FB00C278E1 /* Realm */; };
		690DDC9F28B7D5FB00C278E1 /* RealmSwift in Frameworks */ = {isa = PBXBuildFile; productRef = 690DDC9E28B7D5FB00C278E1 /* RealmSwift */; };
		690DDCAD28BB365B00C278E1 /* WriteViewController.swift in Sources */ = {isa = PBXBuildFile; fileRef = 690DDCAC28BB365B00C278E1 /* WriteViewController.swift */; };
		69A5F51728BB534600D2B283 /* Parchment in Frameworks */ = {isa = PBXBuildFile; productRef = 69A5F51628BB534600D2B283 /* Parchment */; };
		69A5F51928BB566200D2B283 /* Calendar in Resources */ = {isa = PBXBuildFile; fileRef = 69A5F51828BB566200D2B283 /* Calendar */; };
		69A5F51E28BB572700D2B283 /* FSCalendar in Frameworks */ = {isa = PBXBuildFile; productRef = 69A5F51D28BB572700D2B283 /* FSCalendar */; };
		69BF972728BE434800B35AEA /* SleepTimeDatePickerView.swift in Sources */ = {isa = PBXBuildFile; fileRef = 69BF972628BE434800B35AEA /* SleepTimeDatePickerView.swift */; };
		69BF972928BE722700B35AEA /* MedicineCheckView.swift in Sources */ = {isa = PBXBuildFile; fileRef = 69BF972828BE722600B35AEA /* MedicineCheckView.swift */; };
		69BF972B28BE79AC00B35AEA /* EmotionalCheckView.swift in Sources */ = {isa = PBXBuildFile; fileRef = 69BF972A28BE79AC00B35AEA /* EmotionalCheckView.swift */; };
		69BF972D28BFAEDB00B35AEA /* ContentScrollView.swift in Sources */ = {isa = PBXBuildFile; fileRef = 69BF972C28BFAEDA00B35AEA /* ContentScrollView.swift */; };
		69BF972F28C3799100B35AEA /* TodayQuestionView.swift in Sources */ = {isa = PBXBuildFile; fileRef = 69BF972E28C3799000B35AEA /* TodayQuestionView.swift */; };
		69BF973228C380B400B35AEA /* UIStackView+.swift in Sources */ = {isa = PBXBuildFile; fileRef = 69BF973128C380B400B35AEA /* UIStackView+.swift */; };
		69BF973428C3810500B35AEA /* UIView+.swift in Sources */ = {isa = PBXBuildFile; fileRef = 69BF973328C3810500B35AEA /* UIView+.swift */; };
		69BF973628C384C100B35AEA /* UIColor+.swift in Sources */ = {isa = PBXBuildFile; fileRef = 69BF973528C384C100B35AEA /* UIColor+.swift */; };
		69F5444628BB648B0067277D /* ContentViewController.swift in Sources */ = {isa = PBXBuildFile; fileRef = 69F5444528BB648B0067277D /* ContentViewController.swift */; };
		69F5444A28BB6BA30067277D /* EmojiView.swift in Sources */ = {isa = PBXBuildFile; fileRef = 69F5444928BB6BA30067277D /* EmojiView.swift */; };
		69F5444C28BC604B0067277D /* EmojiStackView.swift in Sources */ = {isa = PBXBuildFile; fileRef = 69F5444B28BC604B0067277D /* EmojiStackView.swift */; };
		C35EB13728B3598A006AFA0A /* AppDelegate.swift in Sources */ = {isa = PBXBuildFile; fileRef = C35EB13628B3598A006AFA0A /* AppDelegate.swift */; };
		C35EB13928B3598A006AFA0A /* SceneDelegate.swift in Sources */ = {isa = PBXBuildFile; fileRef = C35EB13828B3598A006AFA0A /* SceneDelegate.swift */; };
		C35EB13B28B3598A006AFA0A /* ViewController.swift in Sources */ = {isa = PBXBuildFile; fileRef = C35EB13A28B3598A006AFA0A /* ViewController.swift */; };
		C35EB13E28B3598A006AFA0A /* Main.storyboard in Resources */ = {isa = PBXBuildFile; fileRef = C35EB13C28B3598A006AFA0A /* Main.storyboard */; };
		C35EB14028B3598A006AFA0A /* Assets.xcassets in Resources */ = {isa = PBXBuildFile; fileRef = C35EB13F28B3598A006AFA0A /* Assets.xcassets */; };
		C35EB14328B3598A006AFA0A /* LaunchScreen.storyboard in Resources */ = {isa = PBXBuildFile; fileRef = C35EB14128B3598A006AFA0A /* LaunchScreen.storyboard */; };
/* End PBXBuildFile section */

/* Begin PBXFileReference section */
		690DDCAC28BB365B00C278E1 /* WriteViewController.swift */ = {isa = PBXFileReference; lastKnownFileType = sourcecode.swift; name = WriteViewController.swift; path = ../WriteViewController.swift; sourceTree = "<group>"; };
		69A5F51828BB566200D2B283 /* Calendar */ = {isa = PBXFileReference; lastKnownFileType = folder; path = Calendar; sourceTree = "<group>"; };
		69BF972628BE434800B35AEA /* SleepTimeDatePickerView.swift */ = {isa = PBXFileReference; lastKnownFileType = sourcecode.swift; path = SleepTimeDatePickerView.swift; sourceTree = "<group>"; };
		69BF972828BE722600B35AEA /* MedicineCheckView.swift */ = {isa = PBXFileReference; lastKnownFileType = sourcecode.swift; path = MedicineCheckView.swift; sourceTree = "<group>"; };
		69BF972A28BE79AC00B35AEA /* EmotionalCheckView.swift */ = {isa = PBXFileReference; lastKnownFileType = sourcecode.swift; path = EmotionalCheckView.swift; sourceTree = "<group>"; };
		69BF972C28BFAEDA00B35AEA /* ContentScrollView.swift */ = {isa = PBXFileReference; lastKnownFileType = sourcecode.swift; path = ContentScrollView.swift; sourceTree = "<group>"; };
		69BF972E28C3799000B35AEA /* TodayQuestionView.swift */ = {isa = PBXFileReference; lastKnownFileType = sourcecode.swift; path = TodayQuestionView.swift; sourceTree = "<group>"; };
		69BF973128C380B400B35AEA /* UIStackView+.swift */ = {isa = PBXFileReference; lastKnownFileType = sourcecode.swift; path = "UIStackView+.swift"; sourceTree = "<group>"; };
		69BF973328C3810500B35AEA /* UIView+.swift */ = {isa = PBXFileReference; lastKnownFileType = sourcecode.swift; path = "UIView+.swift"; sourceTree = "<group>"; };
		69BF973528C384C100B35AEA /* UIColor+.swift */ = {isa = PBXFileReference; lastKnownFileType = sourcecode.swift; path = "UIColor+.swift"; sourceTree = "<group>"; };
		69F5444528BB648B0067277D /* ContentViewController.swift */ = {isa = PBXFileReference; fileEncoding = 4; lastKnownFileType = sourcecode.swift; path = ContentViewController.swift; sourceTree = "<group>"; };
		69F5444928BB6BA30067277D /* EmojiView.swift */ = {isa = PBXFileReference; lastKnownFileType = sourcecode.swift; path = EmojiView.swift; sourceTree = "<group>"; };
		69F5444B28BC604B0067277D /* EmojiStackView.swift */ = {isa = PBXFileReference; lastKnownFileType = sourcecode.swift; path = EmojiStackView.swift; sourceTree = "<group>"; };
		C35EB13328B3598A006AFA0A /* FreeSubject.app */ = {isa = PBXFileReference; explicitFileType = wrapper.application; includeInIndex = 0; path = FreeSubject.app; sourceTree = BUILT_PRODUCTS_DIR; };
		C35EB13628B3598A006AFA0A /* AppDelegate.swift */ = {isa = PBXFileReference; lastKnownFileType = sourcecode.swift; path = AppDelegate.swift; sourceTree = "<group>"; };
		C35EB13828B3598A006AFA0A /* SceneDelegate.swift */ = {isa = PBXFileReference; lastKnownFileType = sourcecode.swift; path = SceneDelegate.swift; sourceTree = "<group>"; };
		C35EB13A28B3598A006AFA0A /* ViewController.swift */ = {isa = PBXFileReference; lastKnownFileType = sourcecode.swift; path = ViewController.swift; sourceTree = "<group>"; };
		C35EB13D28B3598A006AFA0A /* Base */ = {isa = PBXFileReference; lastKnownFileType = file.storyboard; name = Base; path = Base.lproj/Main.storyboard; sourceTree = "<group>"; };
		C35EB13F28B3598A006AFA0A /* Assets.xcassets */ = {isa = PBXFileReference; lastKnownFileType = folder.assetcatalog; path = Assets.xcassets; sourceTree = "<group>"; };
		C35EB14228B3598A006AFA0A /* Base */ = {isa = PBXFileReference; lastKnownFileType = file.storyboard; name = Base; path = Base.lproj/LaunchScreen.storyboard; sourceTree = "<group>"; };
		C35EB14428B3598A006AFA0A /* Info.plist */ = {isa = PBXFileReference; lastKnownFileType = text.plist.xml; path = Info.plist; sourceTree = "<group>"; };
/* End PBXFileReference section */

/* Begin PBXFrameworksBuildPhase section */
		C35EB13028B35989006AFA0A /* Frameworks */ = {
			isa = PBXFrameworksBuildPhase;
			buildActionMask = 2147483647;
			files = (
				690DDC9F28B7D5FB00C278E1 /* RealmSwift in Frameworks */,
				69A5F51E28BB572700D2B283 /* FSCalendar in Frameworks */,
				690DDC9D28B7D5FB00C278E1 /* Realm in Frameworks */,
				69A5F51728BB534600D2B283 /* Parchment in Frameworks */,
				690DDC9728B7C8EC00C278E1 /* SnapKit in Frameworks */,
				690DDC9A28B7D5C100C278E1 /* Then in Frameworks */,
			);
			runOnlyForDeploymentPostprocessing = 0;
		};
/* End PBXFrameworksBuildPhase section */

/* Begin PBXGroup section */
		69BF972428BE40E500B35AEA /* Write */ = {
			isa = PBXGroup;
			children = (
				69F5444528BB648B0067277D /* ContentViewController.swift */,
				69A5F51828BB566200D2B283 /* Calendar */,
				69BF972528BE410000B35AEA /* View */,
			);
			path = Write;
			sourceTree = "<group>";
		};
		69BF972528BE410000B35AEA /* View */ = {
			isa = PBXGroup;
			children = (
				69BF972C28BFAEDA00B35AEA /* ContentScrollView.swift */,
				69F5444928BB6BA30067277D /* EmojiView.swift */,
				69F5444B28BC604B0067277D /* EmojiStackView.swift */,
				69BF972628BE434800B35AEA /* SleepTimeDatePickerView.swift */,
				69BF972828BE722600B35AEA /* MedicineCheckView.swift */,
				69BF972A28BE79AC00B35AEA /* EmotionalCheckView.swift */,
				69BF972E28C3799000B35AEA /* TodayQuestionView.swift */,
			);
			path = View;
			sourceTree = "<group>";
		};
		69BF973028C379DC00B35AEA /* Extension */ = {
			isa = PBXGroup;
			children = (
				69BF973128C380B400B35AEA /* UIStackView+.swift */,
				69BF973328C3810500B35AEA /* UIView+.swift */,
				69BF973528C384C100B35AEA /* UIColor+.swift */,
			);
			path = Extension;
			sourceTree = "<group>";
		};
		C35EB12A28B35989006AFA0A = {
			isa = PBXGroup;
			children = (
				C35EB13528B3598A006AFA0A /* FreeSubject */,
				C35EB13428B3598A006AFA0A /* Products */,
			);
			sourceTree = "<group>";
		};
		C35EB13428B3598A006AFA0A /* Products */ = {
			isa = PBXGroup;
			children = (
				C35EB13328B3598A006AFA0A /* FreeSubject.app */,
			);
			name = Products;
			sourceTree = "<group>";
		};
		C35EB13528B3598A006AFA0A /* FreeSubject */ = {
			isa = PBXGroup;
			children = (
				69BF973028C379DC00B35AEA /* Extension */,
				69BF972428BE40E500B35AEA /* Write */,
				C35EB13828B3598A006AFA0A /* SceneDelegate.swift */,
				C35EB13628B3598A006AFA0A /* AppDelegate.swift */,
				C35EB13A28B3598A006AFA0A /* ViewController.swift */,
				C35EB13C28B3598A006AFA0A /* Main.storyboard */,
				690DDCAC28BB365B00C278E1 /* WriteViewController.swift */,
				C35EB13F28B3598A006AFA0A /* Assets.xcassets */,
				C35EB14128B3598A006AFA0A /* LaunchScreen.storyboard */,
				C35EB14428B3598A006AFA0A /* Info.plist */,
			);
			path = FreeSubject;
			sourceTree = "<group>";
		};
/* End PBXGroup section */

/* Begin PBXNativeTarget section */
		C35EB13228B35989006AFA0A /* FreeSubject */ = {
			isa = PBXNativeTarget;
			buildConfigurationList = C35EB14728B3598A006AFA0A /* Build configuration list for PBXNativeTarget "FreeSubject" */;
			buildPhases = (
				C35EB12F28B35989006AFA0A /* Sources */,
				C35EB13028B35989006AFA0A /* Frameworks */,
				C35EB13128B35989006AFA0A /* Resources */,
			);
			buildRules = (
			);
			dependencies = (
			);
			name = FreeSubject;
			packageProductDependencies = (
				690DDC9628B7C8EC00C278E1 /* SnapKit */,
				690DDC9928B7D5C100C278E1 /* Then */,
				690DDC9C28B7D5FB00C278E1 /* Realm */,
				690DDC9E28B7D5FB00C278E1 /* RealmSwift */,
				69A5F51628BB534600D2B283 /* Parchment */,
				69A5F51D28BB572700D2B283 /* FSCalendar */,
			);
			productName = FreeSubject;
			productReference = C35EB13328B3598A006AFA0A /* FreeSubject.app */;
			productType = "com.apple.product-type.application";
		};
/* End PBXNativeTarget section */

/* Begin PBXProject section */
		C35EB12B28B35989006AFA0A /* Project object */ = {
			isa = PBXProject;
			attributes = {
				BuildIndependentTargetsInParallel = 1;
				LastSwiftUpdateCheck = 1330;
				LastUpgradeCheck = 1330;
				TargetAttributes = {
					C35EB13228B35989006AFA0A = {
						CreatedOnToolsVersion = 13.3.1;
					};
				};
			};
			buildConfigurationList = C35EB12E28B35989006AFA0A /* Build configuration list for PBXProject "FreeSubject" */;
			compatibilityVersion = "Xcode 13.0";
			developmentRegion = en;
			hasScannedForEncodings = 0;
			knownRegions = (
				en,
				Base,
			);
			mainGroup = C35EB12A28B35989006AFA0A;
			packageReferences = (
				690DDC9528B7C8EC00C278E1 /* XCRemoteSwiftPackageReference "SnapKit" */,
				690DDC9828B7D5C100C278E1 /* XCRemoteSwiftPackageReference "Then" */,
				690DDC9B28B7D5FB00C278E1 /* XCRemoteSwiftPackageReference "realm-cocoa" */,
				69A5F51528BB534500D2B283 /* XCRemoteSwiftPackageReference "Parchment" */,
				69A5F51C28BB572700D2B283 /* XCRemoteSwiftPackageReference "FSCalendar" */,
			);
			productRefGroup = C35EB13428B3598A006AFA0A /* Products */;
			projectDirPath = "";
			projectRoot = "";
			targets = (
				C35EB13228B35989006AFA0A /* FreeSubject */,
			);
		};
/* End PBXProject section */

/* Begin PBXResourcesBuildPhase section */
		C35EB13128B35989006AFA0A /* Resources */ = {
			isa = PBXResourcesBuildPhase;
			buildActionMask = 2147483647;
			files = (
				C35EB14328B3598A006AFA0A /* LaunchScreen.storyboard in Resources */,
				C35EB14028B3598A006AFA0A /* Assets.xcassets in Resources */,
				69A5F51928BB566200D2B283 /* Calendar in Resources */,
				C35EB13E28B3598A006AFA0A /* Main.storyboard in Resources */,
			);
			runOnlyForDeploymentPostprocessing = 0;
		};
/* End PBXResourcesBuildPhase section */

/* Begin PBXSourcesBuildPhase section */
		C35EB12F28B35989006AFA0A /* Sources */ = {
			isa = PBXSourcesBuildPhase;
			buildActionMask = 2147483647;
			files = (
				C35EB13B28B3598A006AFA0A /* ViewController.swift in Sources */,
				C35EB13728B3598A006AFA0A /* AppDelegate.swift in Sources */,
				69BF973428C3810500B35AEA /* UIView+.swift in Sources */,
				69BF972F28C3799100B35AEA /* TodayQuestionView.swift in Sources */,
				69BF972928BE722700B35AEA /* MedicineCheckView.swift in Sources */,
				69F5444A28BB6BA30067277D /* EmojiView.swift in Sources */,
				69BF972B28BE79AC00B35AEA /* EmotionalCheckView.swift in Sources */,
				69BF972D28BFAEDB00B35AEA /* ContentScrollView.swift in Sources */,
				69F5444C28BC604B0067277D /* EmojiStackView.swift in Sources */,
				690DDCAD28BB365B00C278E1 /* WriteViewController.swift in Sources */,
				C35EB13928B3598A006AFA0A /* SceneDelegate.swift in Sources */,
				69BF973228C380B400B35AEA /* UIStackView+.swift in Sources */,
				69F5444628BB648B0067277D /* ContentViewController.swift in Sources */,
				69BF972728BE434800B35AEA /* SleepTimeDatePickerView.swift in Sources */,
				69BF973628C384C100B35AEA /* UIColor+.swift in Sources */,
			);
			runOnlyForDeploymentPostprocessing = 0;
		};
/* End PBXSourcesBuildPhase section */

/* Begin PBXVariantGroup section */
		C35EB13C28B3598A006AFA0A /* Main.storyboard */ = {
			isa = PBXVariantGroup;
			children = (
				C35EB13D28B3598A006AFA0A /* Base */,
			);
			name = Main.storyboard;
			sourceTree = "<group>";
		};
		C35EB14128B3598A006AFA0A /* LaunchScreen.storyboard */ = {
			isa = PBXVariantGroup;
			children = (
				C35EB14228B3598A006AFA0A /* Base */,
			);
			name = LaunchScreen.storyboard;
			sourceTree = "<group>";
		};
/* End PBXVariantGroup section */

/* Begin XCBuildConfiguration section */
		C35EB14528B3598A006AFA0A /* Debug */ = {
			isa = XCBuildConfiguration;
			buildSettings = {
				ALWAYS_SEARCH_USER_PATHS = NO;
				CLANG_ANALYZER_NONNULL = YES;
				CLANG_ANALYZER_NUMBER_OBJECT_CONVERSION = YES_AGGRESSIVE;
				CLANG_CXX_LANGUAGE_STANDARD = "gnu++17";
				CLANG_ENABLE_MODULES = YES;
				CLANG_ENABLE_OBJC_ARC = YES;
				CLANG_ENABLE_OBJC_WEAK = YES;
				CLANG_WARN_BLOCK_CAPTURE_AUTORELEASING = YES;
				CLANG_WARN_BOOL_CONVERSION = YES;
				CLANG_WARN_COMMA = YES;
				CLANG_WARN_CONSTANT_CONVERSION = YES;
				CLANG_WARN_DEPRECATED_OBJC_IMPLEMENTATIONS = YES;
				CLANG_WARN_DIRECT_OBJC_ISA_USAGE = YES_ERROR;
				CLANG_WARN_DOCUMENTATION_COMMENTS = YES;
				CLANG_WARN_EMPTY_BODY = YES;
				CLANG_WARN_ENUM_CONVERSION = YES;
				CLANG_WARN_INFINITE_RECURSION = YES;
				CLANG_WARN_INT_CONVERSION = YES;
				CLANG_WARN_NON_LITERAL_NULL_CONVERSION = YES;
				CLANG_WARN_OBJC_IMPLICIT_RETAIN_SELF = YES;
				CLANG_WARN_OBJC_LITERAL_CONVERSION = YES;
				CLANG_WARN_OBJC_ROOT_CLASS = YES_ERROR;
				CLANG_WARN_QUOTED_INCLUDE_IN_FRAMEWORK_HEADER = YES;
				CLANG_WARN_RANGE_LOOP_ANALYSIS = YES;
				CLANG_WARN_STRICT_PROTOTYPES = YES;
				CLANG_WARN_SUSPICIOUS_MOVE = YES;
				CLANG_WARN_UNGUARDED_AVAILABILITY = YES_AGGRESSIVE;
				CLANG_WARN_UNREACHABLE_CODE = YES;
				CLANG_WARN__DUPLICATE_METHOD_MATCH = YES;
				COPY_PHASE_STRIP = NO;
				DEBUG_INFORMATION_FORMAT = dwarf;
				ENABLE_STRICT_OBJC_MSGSEND = YES;
				ENABLE_TESTABILITY = YES;
				GCC_C_LANGUAGE_STANDARD = gnu11;
				GCC_DYNAMIC_NO_PIC = NO;
				GCC_NO_COMMON_BLOCKS = YES;
				GCC_OPTIMIZATION_LEVEL = 0;
				GCC_PREPROCESSOR_DEFINITIONS = (
					"DEBUG=1",
					"$(inherited)",
				);
				GCC_WARN_64_TO_32_BIT_CONVERSION = YES;
				GCC_WARN_ABOUT_RETURN_TYPE = YES_ERROR;
				GCC_WARN_UNDECLARED_SELECTOR = YES;
				GCC_WARN_UNINITIALIZED_AUTOS = YES_AGGRESSIVE;
				GCC_WARN_UNUSED_FUNCTION = YES;
				GCC_WARN_UNUSED_VARIABLE = YES;
				IPHONEOS_DEPLOYMENT_TARGET = 15.0;
				MTL_ENABLE_DEBUG_INFO = INCLUDE_SOURCE;
				MTL_FAST_MATH = YES;
				ONLY_ACTIVE_ARCH = YES;
				SDKROOT = iphoneos;
				SWIFT_ACTIVE_COMPILATION_CONDITIONS = DEBUG;
				SWIFT_OPTIMIZATION_LEVEL = "-Onone";
			};
			name = Debug;
		};
		C35EB14628B3598A006AFA0A /* Release */ = {
			isa = XCBuildConfiguration;
			buildSettings = {
				ALWAYS_SEARCH_USER_PATHS = NO;
				CLANG_ANALYZER_NONNULL = YES;
				CLANG_ANALYZER_NUMBER_OBJECT_CONVERSION = YES_AGGRESSIVE;
				CLANG_CXX_LANGUAGE_STANDARD = "gnu++17";
				CLANG_ENABLE_MODULES = YES;
				CLANG_ENABLE_OBJC_ARC = YES;
				CLANG_ENABLE_OBJC_WEAK = YES;
				CLANG_WARN_BLOCK_CAPTURE_AUTORELEASING = YES;
				CLANG_WARN_BOOL_CONVERSION = YES;
				CLANG_WARN_COMMA = YES;
				CLANG_WARN_CONSTANT_CONVERSION = YES;
				CLANG_WARN_DEPRECATED_OBJC_IMPLEMENTATIONS = YES;
				CLANG_WARN_DIRECT_OBJC_ISA_USAGE = YES_ERROR;
				CLANG_WARN_DOCUMENTATION_COMMENTS = YES;
				CLANG_WARN_EMPTY_BODY = YES;
				CLANG_WARN_ENUM_CONVERSION = YES;
				CLANG_WARN_INFINITE_RECURSION = YES;
				CLANG_WARN_INT_CONVERSION = YES;
				CLANG_WARN_NON_LITERAL_NULL_CONVERSION = YES;
				CLANG_WARN_OBJC_IMPLICIT_RETAIN_SELF = YES;
				CLANG_WARN_OBJC_LITERAL_CONVERSION = YES;
				CLANG_WARN_OBJC_ROOT_CLASS = YES_ERROR;
				CLANG_WARN_QUOTED_INCLUDE_IN_FRAMEWORK_HEADER = YES;
				CLANG_WARN_RANGE_LOOP_ANALYSIS = YES;
				CLANG_WARN_STRICT_PROTOTYPES = YES;
				CLANG_WARN_SUSPICIOUS_MOVE = YES;
				CLANG_WARN_UNGUARDED_AVAILABILITY = YES_AGGRESSIVE;
				CLANG_WARN_UNREACHABLE_CODE = YES;
				CLANG_WARN__DUPLICATE_METHOD_MATCH = YES;
				COPY_PHASE_STRIP = NO;
				DEBUG_INFORMATION_FORMAT = "dwarf-with-dsym";
				ENABLE_NS_ASSERTIONS = NO;
				ENABLE_STRICT_OBJC_MSGSEND = YES;
				GCC_C_LANGUAGE_STANDARD = gnu11;
				GCC_NO_COMMON_BLOCKS = YES;
				GCC_WARN_64_TO_32_BIT_CONVERSION = YES;
				GCC_WARN_ABOUT_RETURN_TYPE = YES_ERROR;
				GCC_WARN_UNDECLARED_SELECTOR = YES;
				GCC_WARN_UNINITIALIZED_AUTOS = YES_AGGRESSIVE;
				GCC_WARN_UNUSED_FUNCTION = YES;
				GCC_WARN_UNUSED_VARIABLE = YES;
				IPHONEOS_DEPLOYMENT_TARGET = 15.0;
				MTL_ENABLE_DEBUG_INFO = NO;
				MTL_FAST_MATH = YES;
				SDKROOT = iphoneos;
				SWIFT_COMPILATION_MODE = wholemodule;
				SWIFT_OPTIMIZATION_LEVEL = "-O";
				VALIDATE_PRODUCT = YES;
			};
			name = Release;
		};
		C35EB14828B3598A006AFA0A /* Debug */ = {
			isa = XCBuildConfiguration;
			buildSettings = {
				ASSETCATALOG_COMPILER_APPICON_NAME = AppIcon;
				ASSETCATALOG_COMPILER_GLOBAL_ACCENT_COLOR_NAME = AccentColor;
				CODE_SIGN_STYLE = Automatic;
				CURRENT_PROJECT_VERSION = 1;
				GENERATE_INFOPLIST_FILE = YES;
				INFOPLIST_FILE = FreeSubject/Info.plist;
				INFOPLIST_KEY_UIApplicationSupportsIndirectInputEvents = YES;
				INFOPLIST_KEY_UILaunchStoryboardName = LaunchScreen;
				INFOPLIST_KEY_UIMainStoryboardFile = Main;
				INFOPLIST_KEY_UISupportedInterfaceOrientations_iPad = "UIInterfaceOrientationPortrait UIInterfaceOrientationPortraitUpsideDown UIInterfaceOrientationLandscapeLeft UIInterfaceOrientationLandscapeRight";
				INFOPLIST_KEY_UISupportedInterfaceOrientations_iPhone = "UIInterfaceOrientationPortrait UIInterfaceOrientationLandscapeLeft UIInterfaceOrientationLandscapeRight";
				IPHONEOS_DEPLOYMENT_TARGET = 15.0;
				LD_RUNPATH_SEARCH_PATHS = (
					"$(inherited)",
					"@executable_path/Frameworks",
				);
				MARKETING_VERSION = 1.0;
				PRODUCT_BUNDLE_IDENTIFIER = ssudevcamp.FreeSubject;
				PRODUCT_NAME = "$(TARGET_NAME)";
				SWIFT_EMIT_LOC_STRINGS = YES;
				SWIFT_VERSION = 5.0;
				TARGETED_DEVICE_FAMILY = 1;
			};
			name = Debug;
		};
		C35EB14928B3598A006AFA0A /* Release */ = {
			isa = XCBuildConfiguration;
			buildSettings = {
				ASSETCATALOG_COMPILER_APPICON_NAME = AppIcon;
				ASSETCATALOG_COMPILER_GLOBAL_ACCENT_COLOR_NAME = AccentColor;
				CODE_SIGN_STYLE = Automatic;
				CURRENT_PROJECT_VERSION = 1;
				GENERATE_INFOPLIST_FILE = YES;
				INFOPLIST_FILE = FreeSubject/Info.plist;
				INFOPLIST_KEY_UIApplicationSupportsIndirectInputEvents = YES;
				INFOPLIST_KEY_UILaunchStoryboardName = LaunchScreen;
				INFOPLIST_KEY_UIMainStoryboardFile = Main;
				INFOPLIST_KEY_UISupportedInterfaceOrientations_iPad = "UIInterfaceOrientationPortrait UIInterfaceOrientationPortraitUpsideDown UIInterfaceOrientationLandscapeLeft UIInterfaceOrientationLandscapeRight";
				INFOPLIST_KEY_UISupportedInterfaceOrientations_iPhone = "UIInterfaceOrientationPortrait UIInterfaceOrientationLandscapeLeft UIInterfaceOrientationLandscapeRight";
				IPHONEOS_DEPLOYMENT_TARGET = 15.0;
				LD_RUNPATH_SEARCH_PATHS = (
					"$(inherited)",
					"@executable_path/Frameworks",
				);
				MARKETING_VERSION = 1.0;
				PRODUCT_BUNDLE_IDENTIFIER = ssudevcamp.FreeSubject;
				PRODUCT_NAME = "$(TARGET_NAME)";
				SWIFT_EMIT_LOC_STRINGS = YES;
				SWIFT_VERSION = 5.0;
				TARGETED_DEVICE_FAMILY = 1;
			};
			name = Release;
		};
/* End XCBuildConfiguration section */

/* Begin XCConfigurationList section */
		C35EB12E28B35989006AFA0A /* Build configuration list for PBXProject "FreeSubject" */ = {
			isa = XCConfigurationList;
			buildConfigurations = (
				C35EB14528B3598A006AFA0A /* Debug */,
				C35EB14628B3598A006AFA0A /* Release */,
			);
			defaultConfigurationIsVisible = 0;
			defaultConfigurationName = Release;
		};
		C35EB14728B3598A006AFA0A /* Build configuration list for PBXNativeTarget "FreeSubject" */ = {
			isa = XCConfigurationList;
			buildConfigurations = (
				C35EB14828B3598A006AFA0A /* Debug */,
				C35EB14928B3598A006AFA0A /* Release */,
			);
			defaultConfigurationIsVisible = 0;
			defaultConfigurationName = Release;
		};
/* End XCConfigurationList section */

/* Begin XCRemoteSwiftPackageReference section */
		690DDC9528B7C8EC00C278E1 /* XCRemoteSwiftPackageReference "SnapKit" */ = {
			isa = XCRemoteSwiftPackageReference;
			repositoryURL = "https://github.com/SnapKit/SnapKit.git";
			requirement = {
				branch = develop;
				kind = branch;
			};
		};
		690DDC9828B7D5C100C278E1 /* XCRemoteSwiftPackageReference "Then" */ = {
			isa = XCRemoteSwiftPackageReference;
			repositoryURL = "https://github.com/devxoul/Then";
			requirement = {
				branch = master;
				kind = branch;
			};
		};
		690DDC9B28B7D5FB00C278E1 /* XCRemoteSwiftPackageReference "realm-cocoa" */ = {
			isa = XCRemoteSwiftPackageReference;
			repositoryURL = "https://github.com/realm/realm-cocoa.git";
			requirement = {
				branch = master;
				kind = branch;
			};
		};
		69A5F51528BB534500D2B283 /* XCRemoteSwiftPackageReference "Parchment" */ = {
			isa = XCRemoteSwiftPackageReference;
			repositoryURL = "https://github.com/rechsteiner/Parchment";
			requirement = {
				branch = main;
				kind = branch;
			};
		};
		69A5F51C28BB572700D2B283 /* XCRemoteSwiftPackageReference "FSCalendar" */ = {
			isa = XCRemoteSwiftPackageReference;
			repositoryURL = "https://github.com/WenchaoD/FSCalendar";
			requirement = {
				kind = upToNextMajorVersion;
				minimumVersion = 2.0.0;
			};
		};
/* End XCRemoteSwiftPackageReference section */

/* Begin XCSwiftPackageProductDependency section */
		690DDC9628B7C8EC00C278E1 /* SnapKit */ = {
			isa = XCSwiftPackageProductDependency;
			package = 690DDC9528B7C8EC00C278E1 /* XCRemoteSwiftPackageReference "SnapKit" */;
			productName = SnapKit;
		};
		690DDC9928B7D5C100C278E1 /* Then */ = {
			isa = XCSwiftPackageProductDependency;
			package = 690DDC9828B7D5C100C278E1 /* XCRemoteSwiftPackageReference "Then" */;
			productName = Then;
		};
		690DDC9C28B7D5FB00C278E1 /* Realm */ = {
			isa = XCSwiftPackageProductDependency;
			package = 690DDC9B28B7D5FB00C278E1 /* XCRemoteSwiftPackageReference "realm-cocoa" */;
			productName = Realm;
		};
		690DDC9E28B7D5FB00C278E1 /* RealmSwift */ = {
			isa = XCSwiftPackageProductDependency;
			package = 690DDC9B28B7D5FB00C278E1 /* XCRemoteSwiftPackageReference "realm-cocoa" */;
			productName = RealmSwift;
		};
		69A5F51628BB534600D2B283 /* Parchment */ = {
			isa = XCSwiftPackageProductDependency;
			package = 69A5F51528BB534500D2B283 /* XCRemoteSwiftPackageReference "Parchment" */;
			productName = Parchment;
		};
		69A5F51D28BB572700D2B283 /* FSCalendar */ = {
			isa = XCSwiftPackageProductDependency;
			package = 69A5F51C28BB572700D2B283 /* XCRemoteSwiftPackageReference "FSCalendar" */;
			productName = FSCalendar;
		};
/* End XCSwiftPackageProductDependency section */
	};
	rootObject = C35EB12B28B35989006AFA0A /* Project object */;
}
